Microsoft Visual Studio Solution File, Format Version 11.00
# Visual Studio 2008

Project("{080CCB20-3821-E342-72F7-9FD5742DA6D8}") = "Dawkins", "Assembly-CSharp.csproj", "{02F2F015-D7BA-0C3C-94E5-5A6014F40EAD}"
EndProject
Global
	GlobalSection(SolutionConfigurationPlatforms) = preSolution
		Debug|Any CPU = Debug|Any CPU
		Release|Any CPU = Release|Any CPU
	EndGlobalSection
	GlobalSection(ProjectConfigurationPlatforms) = postSolution
		{02F2F015-D7BA-0C3C-94E5-5A6014F40EAD}.Debug|Any CPU.ActiveCfg = Debug|Any CPU
		{02F2F015-D7BA-0C3C-94E5-5A6014F40EAD}.Debug|Any CPU.Build.0 = Debug|Any CPU
		{02F2F015-D7BA-0C3C-94E5-5A6014F40EAD}.Release|Any CPU.ActiveCfg = Release|Any CPU
		{02F2F015-D7BA-0C3C-94E5-5A6014F40EAD}.Release|Any CPU.Build.0 = Release|Any CPU
	EndGlobalSection
	GlobalSection(SolutionProperties) = preSolution
		HideSolutionNode = FALSE
	EndGlobalSection
	GlobalSection(MonoDevelopProperties) = preSolution
		StartupItem = Assembly-CSharp.csproj
	EndGlobalSection
EndGlobal
